// !$*UTF8*$!
{
	archiveVersion = 1;
	classes = {
	};
	objectVersion = 46;
	objects = {

/* Begin PBXBuildFile section */
		9152545D15C26B08001F55C9 /* UIKit.framework in Frameworks */ = {isa = PBXBuildFile; fileRef = 9152545C15C26B08001F55C9 /* UIKit.framework */; };
		9152545F15C26B08001F55C9 /* Foundation.framework in Frameworks */ = {isa = PBXBuildFile; fileRef = 9152545E15C26B08001F55C9 /* Foundation.framework */; };
		9152546115C26B08001F55C9 /* CoreGraphics.framework in Frameworks */ = {isa = PBXBuildFile; fileRef = 9152546015C26B08001F55C9 /* CoreGraphics.framework */; };
		9152546715C26B08001F55C9 /* InfoPlist.strings in Resources */ = {isa = PBXBuildFile; fileRef = 9152546515C26B08001F55C9 /* InfoPlist.strings */; };
		9152546915C26B08001F55C9 /* main.m in Sources */ = {isa = PBXBuildFile; fileRef = 9152546815C26B08001F55C9 /* main.m */; };
		9152546D15C26B08001F55C9 /* TSAppDelegate.m in Sources */ = {isa = PBXBuildFile; fileRef = 9152546C15C26B08001F55C9 /* TSAppDelegate.m */; };
		9152547015C26B08001F55C9 /* TSViewController.m in Sources */ = {isa = PBXBuildFile; fileRef = 9152546F15C26B08001F55C9 /* TSViewController.m */; };
		9152547315C26B08001F55C9 /* TSViewController.xib in Resources */ = {isa = PBXBuildFile; fileRef = 9152547115C26B08001F55C9 /* TSViewController.xib */; };
/* End PBXBuildFile section */

/* Begin PBXFileReference section */
		9152545815C26B08001F55C9 /* TSLocateView.app */ = {isa = PBXFileReference; explicitFileType = wrapper.application; includeInIndex = 0; path = TSLocateView.app; sourceTree = BUILT_PRODUCTS_DIR; };
		9152545C15C26B08001F55C9 /* UIKit.framework */ = {isa = PBXFileReference; lastKnownFileType = wrapper.framework; name = UIKit.framework; path = System/Library/Frameworks/UIKit.framework; sourceTree = SDKROOT; };
		9152545E15C26B08001F55C9 /* Foundation.framework */ = {isa = PBXFileReference; lastKnownFileType = wrapper.framework; name = Foundation.framework; path = System/Library/Frameworks/Foundation.framework; sourceTree = SDKROOT; };
		9152546015C26B08001F55C9 /* CoreGraphics.framework */ = {isa = PBXFileReference; lastKnownFileType = wrapper.framework; name = CoreGraphics.framework; path = System/Library/Frameworks/CoreGraphics.framework; sourceTree = SDKROOT; };
		9152546415C26B08001F55C9 /* TSLocateView-Info.plist */ = {isa = PBXFileReference; lastKnownFileType = text.plist.xml; path = "TSLocateView-Info.plist"; sourceTree = "<group>"; };
		9152546615C26B08001F55C9 /* en */ = {isa = PBXFileReference; lastKnownFileType = text.plist.strings; name = en; path = en.lproj/InfoPlist.strings; sourceTree = "<group>"; };
		9152546815C26B08001F55C9 /* main.m */ = {isa = PBXFileReference; lastKnownFileType = sourcecode.c.objc; path = main.m; sourceTree = "<group>"; };
		9152546A15C26B08001F55C9 /* TSLocateView-Prefix.pch */ = {isa = PBXFileReference; lastKnownFileType = sourcecode.c.h; path = "TSLocateView-Prefix.pch"; sourceTree = "<group>"; };
		9152546B15C26B08001F55C9 /* TSAppDelegate.h */ = {isa = PBXFileReference; lastKnownFileType = sourcecode.c.h; path = TSAppDelegate.h; sourceTree = "<group>"; };
		9152546C15C26B08001F55C9 /* TSAppDelegate.m */ = {isa = PBXFileReference; lastKnownFileType = sourcecode.c.objc; path = TSAppDelegate.m; sourceTree = "<group>"; };
		9152546E15C26B08001F55C9 /* TSViewController.h */ = {isa = PBXFileReference; lastKnownFileType = sourcecode.c.h; path = TSViewController.h; sourceTree = "<group>"; };
		9152546F15C26B08001F55C9 /* TSViewController.m */ = {isa = PBXFileReference; lastKnownFileType = sourcecode.c.objc; path = TSViewController.m; sourceTree = "<group>"; };
		9152547215C26B08001F55C9 /* en */ = {isa = PBXFileReference; lastKnownFileType = file.xib; name = en; path = en.lproj/TSViewController.xib; sourceTree = "<group>"; };
/* End PBXFileReference section */

/* Begin PBXFrameworksBuildPhase section */
		9152545515C26B08001F55C9 /* Frameworks */ = {
			isa = PBXFrameworksBuildPhase;
			buildActionMask = 2147483647;
			files = (
				9152545D15C26B08001F55C9 /* UIKit.framework in Frameworks */,
				9152545F15C26B08001F55C9 /* Foundation.framework in Frameworks */,
				9152546115C26B08001F55C9 /* CoreGraphics.framework in Frameworks */,
			);
			runOnlyForDeploymentPostprocessing = 0;
		};
/* End PBXFrameworksBuildPhase section */

/* Begin PBXGroup section */
		9152544D15C26B08001F55C9 = {
			isa = PBXGroup;
			children = (
				9152546215C26B08001F55C9 /* TSLocateView */,
				9152545B15C26B08001F55C9 /* Frameworks */,
				9152545915C26B08001F55C9 /* Products */,
			);
			sourceTree = "<group>";
		};
		9152545915C26B08001F55C9 /* Products */ = {
			isa = PBXGroup;
			children = (
				9152545815C26B08001F55C9 /* TSLocateView.app */,
			);
			name = Products;
			sourceTree = "<group>";
		};
		9152545B15C26B08001F55C9 /* Frameworks */ = {
			isa = PBXGroup;
			children = (
				9152545C15C26B08001F55C9 /* UIKit.framework */,
				9152545E15C26B08001F55C9 /* Foundation.framework */,
				9152546015C26B08001F55C9 /* CoreGraphics.framework */,
			);
			name = Frameworks;
			sourceTree = "<group>";
		};
		9152546215C26B08001F55C9 /* TSLocateView */ = {
			isa = PBXGroup;
			children = (
				9152546B15C26B08001F55C9 /* TSAppDelegate.h */,
				9152546C15C26B08001F55C9 /* TSAppDelegate.m */,
				9152546E15C26B08001F55C9 /* TSViewController.h */,
				9152546F15C26B08001F55C9 /* TSViewController.m */,
				9152547115C26B08001F55C9 /* TSViewController.xib */,
				9152546315C26B08001F55C9 /* Supporting Files */,
			);
			path = TSLocateView;
			sourceTree = "<group>";
		};
		9152546315C26B08001F55C9 /* Supporting Files */ = {
			isa = PBXGroup;
			children = (
				9152546415C26B08001F55C9 /* TSLocateView-Info.plist */,
				9152546515C26B08001F55C9 /* InfoPlist.strings */,
				9152546815C26B08001F55C9 /* main.m */,
				9152546A15C26B08001F55C9 /* TSLocateView-Prefix.pch */,
			);
			name = "Supporting Files";
			sourceTree = "<group>";
		};
/* End PBXGroup section */

/* Begin PBXNativeTarget section */
		9152545715C26B08001F55C9 /* TSLocateView */ = {
			isa = PBXNativeTarget;
			buildConfigurationList = 9152547615C26B08001F55C9 /* Build configuration list for PBXNativeTarget "TSLocateView" */;
			buildPhases = (
				9152545415C26B08001F55C9 /* Sources */,
				9152545515C26B08001F55C9 /* Frameworks */,
				9152545615C26B08001F55C9 /* Resources */,
			);
			buildRules = (
			);
			dependencies = (
			);
			name = TSLocateView;
			productName = TSLocateView;
			productReference = 9152545815C26B08001F55C9 /* TSLocateView.app */;
			productType = "com.apple.product-type.application";
		};
/* End PBXNativeTarget section */

/* Begin PBXProject section */
		9152544F15C26B08001F55C9 /* Project object */ = {
			isa = PBXProject;
			attributes = {
				CLASSPREFIX = TS;
				LastUpgradeCheck = 0440;
				ORGANIZATIONNAME = "Telenav Software, Inc.";
			};
			buildConfigurationList = 9152545215C26B08001F55C9 /* Build configuration list for PBXProject "TSLocateView" */;
			compatibilityVersion = "Xcode 3.2";
			developmentRegion = English;
			hasScannedForEncodings = 0;
			knownRegions = (
				en,
			);
			mainGroup = 9152544D15C26B08001F55C9;
			productRefGroup = 9152545915C26B08001F55C9 /* Products */;
			projectDirPath = "";
			projectRoot = "";
			targets = (
				9152545715C26B08001F55C9 /* TSLocateView */,
			);
		};
/* End PBXProject section */

/* Begin PBXResourcesBuildPhase section */
		9152545615C26B08001F55C9 /* Resources */ = {
			isa = PBXResourcesBuildPhase;
			buildActionMask = 2147483647;
			files = (
				9152546715C26B08001F55C9 /* InfoPlist.strings in Resources */,
				9152547315C26B08001F55C9 /* TSViewController.xib in Resources */,
			);
			runOnlyForDeploymentPostprocessing = 0;
		};
/* End PBXResourcesBuildPhase section */

/* Begin PBXSourcesBuildPhase section */
		9152545415C26B08001F55C9 /* Sources */ = {
			isa = PBXSourcesBuildPhase;
			buildActionMask = 2147483647;
			files = (
				9152546915C26B08001F55C9 /* main.m in Sources */,
				9152546D15C26B08001F55C9 /* TSAppDelegate.m in Sources */,
				9152547015C26B08001F55C9 /* TSViewController.m in Sources */,
			);
			runOnlyForDeploymentPostprocessing = 0;
		};
/* End PBXSourcesBuildPhase section */

/* Begin PBXVariantGroup section */
		9152546515C26B08001F55C9 /* InfoPlist.strings */ = {
			isa = PBXVariantGroup;
			children = (
				9152546615C26B08001F55C9 /* en */,
			);
			name = InfoPlist.strings;
			sourceTree = "<group>";
		};
		9152547115C26B08001F55C9 /* TSViewController.xib */ = {
			isa = PBXVariantGroup;
			children = (
				9152547215C26B08001F55C9 /* en */,
			);
			name = TSViewController.xib;
			sourceTree = "<group>";
		};
/* End PBXVariantGroup section */

/* Begin XCBuildConfiguration section */
		9152547415C26B08001F55C9 /* Debug */ = {
			isa = XCBuildConfiguration;
			buildSettings = {
				ALWAYS_SEARCH_USER_PATHS = NO;
				ARCHS = "$(ARCHS_STANDARD_32_BIT)";
				CLANG_CXX_LANGUAGE_STANDARD = "gnu++0x";
				CLANG_ENABLE_OBJC_ARC = YES;
				CLANG_WARN__DUPLICATE_METHOD_MATCH = YES;
				"CODE_SIGN_IDENTITY[sdk=iphoneos*]" = "iPhone Developer";
				COPY_PHASE_STRIP = NO;
				GCC_C_LANGUAGE_STANDARD = gnu99;
				GCC_DYNAMIC_NO_PIC = NO;
				GCC_OPTIMIZATION_LEVEL = 0;
				GCC_PREPROCESSOR_DEFINITIONS = (
					"DEBUG=1",
					"$(inherited)",
				);
				GCC_SYMBOLS_PRIVATE_EXTERN = NO;
				GCC_VERSION = com.apple.compilers.llvm.clang.1_0;
				GCC_WARN_ABOUT_RETURN_TYPE = YES;
				GCC_WARN_UNINITIALIZED_AUTOS = YES;
				GCC_WARN_UNUSED_VARIABLE = YES;
				IPHONEOS_DEPLOYMENT_TARGET = 5.1;
				SDKROOT = iphoneos;
			};
			name = Debug;
		};
		9152547515C26B08001F55C9 /* Release */ = {
			isa = XCBuildConfiguration;
			buildSettings = {
				ALWAYS_SEARCH_USER_PATHS = NO;
				ARCHS = "$(ARCHS_STANDARD_32_BIT)";
				CLANG_CXX_LANGUAGE_STANDARD = "gnu++0x";
				CLANG_ENABLE_OBJC_ARC = YES;
				CLANG_WARN__DUPLICATE_METHOD_MATCH = YES;
				"CODE_SIGN_IDENTITY[sdk=iphoneos*]" = "iPhone Developer";
				COPY_PHASE_STRIP = YES;
				GCC_C_LANGUAGE_STANDARD = gnu99;
				GCC_VERSION = com.apple.compilers.llvm.clang.1_0;
				GCC_WARN_ABOUT_RETURN_TYPE = YES;
				GCC_WARN_UNINITIALIZED_AUTOS = YES;
				GCC_WARN_UNUSED_VARIABLE = YES;
				IPHONEOS_DEPLOYMENT_TARGET = 5.1;
				OTHER_CFLAGS = "-DNS_BLOCK_ASSERTIONS=1";
				SDKROOT = iphoneos;
				VALIDATE_PRODUCT = YES;
			};
			name = Release;
		};
		9152547715C26B08001F55C9 /* Debug */ = {
			isa = XCBuildConfiguration;
			buildSettings = {
				GCC_PRECOMPILE_PREFIX_HEADER = YES;
				GCC_PREFIX_HEADER = "TSLocateView/TSLocateView-Prefix.pch";
				INFOPLIST_FILE = "TSLocateView/TSLocateView-Info.plist";
				PRODUCT_NAME = "$(TARGET_NAME)";
				WRAPPER_EXTENSION = app;
			};
			name = Debug;
		};
		9152547815C26B08001F55C9 /* Release */ = {
			isa = XCBuildConfiguration;
			buildSettings = {
				GCC_PRECOMPILE_PREFIX_HEADER = YES;
				GCC_PREFIX_HEADER = "TSLocateView/TSLocateView-Prefix.pch";
				INFOPLIST_FILE = "TSLocateView/TSLocateView-Info.plist";
				PRODUCT_NAME = "$(TARGET_NAME)";
				WRAPPER_EXTENSION = app;
			};
			name = Release;
		};
/* End XCBuildConfiguration section */

/* Begin XCConfigurationList section */
		9152545215C26B08001F55C9 /* Build configuration list for PBXProject "TSLocateView" */ = {
			isa = XCConfigurationList;
			buildConfigurations = (
				9152547415C26B08001F55C9 /* Debug */,
				9152547515C26B08001F55C9 /* Release */,
			);
			defaultConfigurationIsVisible = 0;
			defaultConfigurationName = Release;
		};
		9152547615C26B08001F55C9 /* Build configuration list for PBXNativeTarget "TSLocateView" */ = {
			isa = XCConfigurationList;
			buildConfigurations = (
				9152547715C26B08001F55C9 /* Debug */,
				9152547815C26B08001F55C9 /* Release */,
			);
			defaultConfigurationIsVisible = 0;
		};
/* End XCConfigurationList section */
	};
	rootObject = 9152544F15C26B08001F55C9 /* Project object */;
}
